
Microsoft Visual Studio Solution File, Format Version 12.00
# Visual Studio Version 16
VisualStudioVersion = 16.0.31515.178
MinimumVisualStudioVersion = 10.0.40219.1
Project("{8BC9CEB8-8B4A-11D0-8D11-00A0C91BC942}") = "custom-file-explorer", "custom-file-explorer.vcxproj", "{96744D23-2243-492D-A148-280467D23F1F}"
EndProject
Global
	GlobalSection(SolutionConfigurationPlatforms) = preSolution
		Debug|x64 = Debug|x64
		Debug|x86 = Debug|x86
		Release|x64 = Release|x64
		Release|x86 = Release|x86
	EndGlobalSection
	GlobalSection(ProjectConfigurationPlatforms) = postSolution
		{96744D23-2243-492D-A148-280467D23F1F}.Debug|x64.ActiveCfg = Debug|x64
		{96744D23-2243-492D-A148-280467D23F1F}.Debug|x64.Build.0 = Debug|x64
		{96744D23-2243-492D-A148-280467D23F1F}.Debug|x86.ActiveCfg = Debug|Win32
		{96744D23-2243-492D-A148-280467D23F1F}.Debug|x86.Build.0 = Debug|Win32
		{96744D23-2243-492D-A148-280467D23F1F}.Release|x64.ActiveCfg = Release|x64
		{96744D23-2243-492D-A148-280467D23F1F}.Release|x64.Build.0 = Release|x64
		{96744D23-2243-492D-A148-280467D23F1F}.Release|x86.ActiveCfg = Release|Win32
		{96744D23-2243-492D-A148-280467D23F1F}.Release|x86.Build.0 = Release|Win32
	EndGlobalSection
	GlobalSection(SolutionProperties) = preSolution
		HideSolutionNode = FALSE
	EndGlobalSection
	GlobalSection(ExtensibilityGlobals) = postSolution
		SolutionGuid = {33864EA2-AD71-4D83-A8E4-18427D0FAA4B}
	EndGlobalSection
EndGlobal
